
Microsoft Visual Studio Solution File, Format Version 12.00
# Visual Studio 14
VisualStudioVersion = 14.0.23107.0
MinimumVisualStudioVersion = 10.0.40219.1
Project("{FAE04EC0-301F-11D3-BF4B-00C04F79EFBC}") = "DALCodeGen", "DALCodeGen\DALCodeGen.csproj", "{93AB165D-96E2-445A-9583-1E691293ADDB}"
EndProject
Project("{FAE04EC0-301F-11D3-BF4B-00C04F79EFBC}") = "DALCodeGenCmd", "DALCodeGenCmd\DALCodeGenCmd.csproj", "{3961C08D-9803-486F-B3BA-D6C2A0A91247}"
EndProject
Global
	GlobalSection(SolutionConfigurationPlatforms) = preSolution
		Debug|Any CPU = Debug|Any CPU
		Release|Any CPU = Release|Any CPU
	EndGlobalSection
	GlobalSection(ProjectConfigurationPlatforms) = postSolution
		{93AB165D-96E2-445A-9583-1E691293ADDB}.Debug|Any CPU.ActiveCfg = Debug|Any CPU
		{93AB165D-96E2-445A-9583-1E691293ADDB}.Debug|Any CPU.Build.0 = Debug|Any CPU
		{93AB165D-96E2-445A-9583-1E691293ADDB}.Release|Any CPU.ActiveCfg = Release|Any CPU
		{93AB165D-96E2-445A-9583-1E691293ADDB}.Release|Any CPU.Build.0 = Release|Any CPU
		{3961C08D-9803-486F-B3BA-D6C2A0A91247}.Debug|Any CPU.ActiveCfg = Debug|Any CPU
		{3961C08D-9803-486F-B3BA-D6C2A0A91247}.Debug|Any CPU.Build.0 = Debug|Any CPU
		{3961C08D-9803-486F-B3BA-D6C2A0A91247}.Release|Any CPU.ActiveCfg = Release|Any CPU
		{3961C08D-9803-486F-B3BA-D6C2A0A91247}.Release|Any CPU.Build.0 = Release|Any CPU
	EndGlobalSection
	GlobalSection(SolutionProperties) = preSolution
		HideSolutionNode = FALSE
	EndGlobalSection
EndGlobal
